// !$*UTF8*$!
{
	archiveVersion = 1;
	classes = {
	};
	objectVersion = 46;
	objects = {

/* Begin PBXBuildFile section */
		30FBBABE67ED284EABEFD094 /* Pods_Places.framework in Frameworks */ = {isa = PBXBuildFile; fileRef = FFABE30D06FEDBFC9DA6C5A3 /* Pods_Places.framework */; };
		4876E8641D7C269600BEC5F7 /* AppDelegate.swift in Sources */ = {isa = PBXBuildFile; fileRef = 4876E8631D7C269600BEC5F7 /* AppDelegate.swift */; };
		4876E8661D7C269600BEC5F7 /* PlacesViewController.swift in Sources */ = {isa = PBXBuildFile; fileRef = 4876E8651D7C269600BEC5F7 /* PlacesViewController.swift */; };
		4876E86B1D7C269600BEC5F7 /* Assets.xcassets in Resources */ = {isa = PBXBuildFile; fileRef = 4876E86A1D7C269600BEC5F7 /* Assets.xcassets */; };
		4876E86E1D7C269600BEC5F7 /* LaunchScreen.storyboard in Resources */ = {isa = PBXBuildFile; fileRef = 4876E86C1D7C269600BEC5F7 /* LaunchScreen.storyboard */; };
		4876E8791D7C269700BEC5F7 /* PlacesTests.swift in Sources */ = {isa = PBXBuildFile; fileRef = 4876E8781D7C269700BEC5F7 /* PlacesTests.swift */; };
		4876E8841D7C269700BEC5F7 /* PlacesUITests.swift in Sources */ = {isa = PBXBuildFile; fileRef = 4876E8831D7C269700BEC5F7 /* PlacesUITests.swift */; };
		4876E8981D7C2E6400BEC5F7 /* PlacesTableViewCell.swift in Sources */ = {isa = PBXBuildFile; fileRef = 4876E8971D7C2E6400BEC5F7 /* PlacesTableViewCell.swift */; };
		4876E89A1D7C308000BEC5F7 /* placesDataObject.swift in Sources */ = {isa = PBXBuildFile; fileRef = 4876E8991D7C308000BEC5F7 /* placesDataObject.swift */; };
		4876E89C1D7C30F100BEC5F7 /* RestAPIManager.swift in Sources */ = {isa = PBXBuildFile; fileRef = 4876E89B1D7C30F100BEC5F7 /* RestAPIManager.swift */; };
		4876E89E1D7C314600BEC5F7 /* Constants.swift in Sources */ = {isa = PBXBuildFile; fileRef = 4876E89D1D7C314600BEC5F7 /* Constants.swift */; };
		4876E8A21D7C41D500BEC5F7 /* Main.storyboard in Resources */ = {isa = PBXBuildFile; fileRef = 4876E8A11D7C41D500BEC5F7 /* Main.storyboard */; };
		4876E8A61D7C41F300BEC5F7 /* call_icn.png in Resources */ = {isa = PBXBuildFile; fileRef = 4876E8A31D7C41F300BEC5F7 /* call_icn.png */; };
		4876E8A71D7C41F300BEC5F7 /* location_icn.png in Resources */ = {isa = PBXBuildFile; fileRef = 4876E8A41D7C41F300BEC5F7 /* location_icn.png */; };
		4876E8A81D7C41F300BEC5F7 /* web_icn.png in Resources */ = {isa = PBXBuildFile; fileRef = 4876E8A51D7C41F300BEC5F7 /* web_icn.png */; };
/* End PBXBuildFile section */

/* Begin PBXContainerItemProxy section */
		4876E8751D7C269700BEC5F7 /* PBXContainerItemProxy */ = {
			isa = PBXContainerItemProxy;
			containerPortal = 4876E8581D7C269600BEC5F7 /* Project object */;
			proxyType = 1;
			remoteGlobalIDString = 4876E85F1D7C269600BEC5F7;
			remoteInfo = Places;
		};
		4876E8801D7C269700BEC5F7 /* PBXContainerItemProxy */ = {
			isa = PBXContainerItemProxy;
			containerPortal = 4876E8581D7C269600BEC5F7 /* Project object */;
			proxyType = 1;
			remoteGlobalIDString = 4876E85F1D7C269600BEC5F7;
			remoteInfo = Places;
		};
/* End PBXContainerItemProxy section */

/* Begin PBXFileReference section */
		4876E8601D7C269600BEC5F7 /* Places.app */ = {isa = PBXFileReference; explicitFileType = wrapper.application; includeInIndex = 0; path = Places.app; sourceTree = BUILT_PRODUCTS_DIR; };
		4876E8631D7C269600BEC5F7 /* AppDelegate.swift */ = {isa = PBXFileReference; lastKnownFileType = sourcecode.swift; path = AppDelegate.swift; sourceTree = "<group>"; };
		4876E8651D7C269600BEC5F7 /* PlacesViewController.swift */ = {isa = PBXFileReference; lastKnownFileType = sourcecode.swift; name = PlacesViewController.swift; path = Places/PlacesViewController.swift; sourceTree = "<group>"; };
		4876E8681D7C269600BEC5F7 /* Base */ = {isa = PBXFileReference; lastKnownFileType = file.storyboard; name = Base; path = Base.lproj/Main.storyboard; sourceTree = "<group>"; };
		4876E86A1D7C269600BEC5F7 /* Assets.xcassets */ = {isa = PBXFileReference; lastKnownFileType = folder.assetcatalog; path = Assets.xcassets; sourceTree = "<group>"; };
		4876E86D1D7C269600BEC5F7 /* Base */ = {isa = PBXFileReference; lastKnownFileType = file.storyboard; name = Base; path = Base.lproj/LaunchScreen.storyboard; sourceTree = "<group>"; };
		4876E86F1D7C269600BEC5F7 /* Info.plist */ = {isa = PBXFileReference; lastKnownFileType = text.plist.xml; path = Info.plist; sourceTree = "<group>"; };
		4876E8741D7C269700BEC5F7 /* PlacesTests.xctest */ = {isa = PBXFileReference; explicitFileType = wrapper.cfbundle; includeInIndex = 0; path = PlacesTests.xctest; sourceTree = BUILT_PRODUCTS_DIR; };
		4876E8781D7C269700BEC5F7 /* PlacesTests.swift */ = {isa = PBXFileReference; lastKnownFileType = sourcecode.swift; path = PlacesTests.swift; sourceTree = "<group>"; };
		4876E87A1D7C269700BEC5F7 /* Info.plist */ = {isa = PBXFileReference; lastKnownFileType = text.plist.xml; path = Info.plist; sourceTree = "<group>"; };
		4876E87F1D7C269700BEC5F7 /* PlacesUITests.xctest */ = {isa = PBXFileReference; explicitFileType = wrapper.cfbundle; includeInIndex = 0; path = PlacesUITests.xctest; sourceTree = BUILT_PRODUCTS_DIR; };
		4876E8831D7C269700BEC5F7 /* PlacesUITests.swift */ = {isa = PBXFileReference; lastKnownFileType = sourcecode.swift; path = PlacesUITests.swift; sourceTree = "<group>"; };
		4876E8851D7C269700BEC5F7 /* Info.plist */ = {isa = PBXFileReference; lastKnownFileType = text.plist.xml; path = Info.plist; sourceTree = "<group>"; };
		4876E8971D7C2E6400BEC5F7 /* PlacesTableViewCell.swift */ = {isa = PBXFileReference; fileEncoding = 4; lastKnownFileType = sourcecode.swift; path = PlacesTableViewCell.swift; sourceTree = "<group>"; };
		4876E8991D7C308000BEC5F7 /* placesDataObject.swift */ = {isa = PBXFileReference; fileEncoding = 4; lastKnownFileType = sourcecode.swift; path = placesDataObject.swift; sourceTree = "<group>"; };
		4876E89B1D7C30F100BEC5F7 /* RestAPIManager.swift */ = {isa = PBXFileReference; fileEncoding = 4; lastKnownFileType = sourcecode.swift; path = RestAPIManager.swift; sourceTree = "<group>"; };
		4876E89D1D7C314600BEC5F7 /* Constants.swift */ = {isa = PBXFileReference; fileEncoding = 4; lastKnownFileType = sourcecode.swift; path = Constants.swift; sourceTree = "<group>"; };
		4876E8A11D7C41D500BEC5F7 /* Main.storyboard */ = {isa = PBXFileReference; fileEncoding = 4; lastKnownFileType = file.storyboard; path = Main.storyboard; sourceTree = "<group>"; };
		4876E8A31D7C41F300BEC5F7 /* call_icn.png */ = {isa = PBXFileReference; lastKnownFileType = image.png; path = call_icn.png; sourceTree = "<group>"; };
		4876E8A41D7C41F300BEC5F7 /* location_icn.png */ = {isa = PBXFileReference; lastKnownFileType = image.png; path = location_icn.png; sourceTree = "<group>"; };
		4876E8A51D7C41F300BEC5F7 /* web_icn.png */ = {isa = PBXFileReference; lastKnownFileType = image.png; path = web_icn.png; sourceTree = "<group>"; };
		D2CA5AE24B1358719407BCB5 /* Pods-Places.release.xcconfig */ = {isa = PBXFileReference; includeInIndex = 1; lastKnownFileType = text.xcconfig; name = "Pods-Places.release.xcconfig"; path = "Pods/Target Support Files/Pods-Places/Pods-Places.release.xcconfig"; sourceTree = "<group>"; };
		FD2D5A7B3C6019F3D5B95409 /* Pods-Places.debug.xcconfig */ = {isa = PBXFileReference; includeInIndex = 1; lastKnownFileType = text.xcconfig; name = "Pods-Places.debug.xcconfig"; path = "Pods/Target Support Files/Pods-Places/Pods-Places.debug.xcconfig"; sourceTree = "<group>"; };
		FFABE30D06FEDBFC9DA6C5A3 /* Pods_Places.framework */ = {isa = PBXFileReference; explicitFileType = wrapper.framework; includeInIndex = 0; path = Pods_Places.framework; sourceTree = BUILT_PRODUCTS_DIR; };
/* End PBXFileReference section */

/* Begin PBXFrameworksBuildPhase section */
		4876E85D1D7C269600BEC5F7 /* Frameworks */ = {
			isa = PBXFrameworksBuildPhase;
			buildActionMask = 2147483647;
			files = (
				30FBBABE67ED284EABEFD094 /* Pods_Places.framework in Frameworks */,
			);
			runOnlyForDeploymentPostprocessing = 0;
		};
		4876E8711D7C269700BEC5F7 /* Frameworks */ = {
			isa = PBXFrameworksBuildPhase;
			buildActionMask = 2147483647;
			files = (
			);
			runOnlyForDeploymentPostprocessing = 0;
		};
		4876E87C1D7C269700BEC5F7 /* Frameworks */ = {
			isa = PBXFrameworksBuildPhase;
			buildActionMask = 2147483647;
			files = (
			);
			runOnlyForDeploymentPostprocessing = 0;
		};
/* End PBXFrameworksBuildPhase section */

/* Begin PBXGroup section */
		024B8F480254734F09F1B6CF /* Pods */ = {
			isa = PBXGroup;
			children = (
				FD2D5A7B3C6019F3D5B95409 /* Pods-Places.debug.xcconfig */,
				D2CA5AE24B1358719407BCB5 /* Pods-Places.release.xcconfig */,
			);
			name = Pods;
			sourceTree = "<group>";
		};
		4876E8571D7C269600BEC5F7 = {
			isa = PBXGroup;
			children = (
				4876E8961D7C2AAB00BEC5F7 /* Helpers */,
				4876E8951D7C2AA400BEC5F7 /* DataModel */,
				4876E8941D7C2A9E00BEC5F7 /* ViewController */,
				4876E8931D7C2A9A00BEC5F7 /* View */,
				4876E8921D7C2A8900BEC5F7 /* Images */,
				4876E8911D7C2A7F00BEC5F7 /* Utilities */,
				4876E8621D7C269600BEC5F7 /* Places */,
				4876E8771D7C269700BEC5F7 /* PlacesTests */,
				4876E8821D7C269700BEC5F7 /* PlacesUITests */,
				4876E8611D7C269600BEC5F7 /* Products */,
				024B8F480254734F09F1B6CF /* Pods */,
				F52795FFD8A8F4930BFBD7E7 /* Frameworks */,
			);
			sourceTree = "<group>";
		};
		4876E8611D7C269600BEC5F7 /* Products */ = {
			isa = PBXGroup;
			children = (
				4876E8601D7C269600BEC5F7 /* Places.app */,
				4876E8741D7C269700BEC5F7 /* PlacesTests.xctest */,
				4876E87F1D7C269700BEC5F7 /* PlacesUITests.xctest */,
			);
			name = Products;
			sourceTree = "<group>";
		};
		4876E8621D7C269600BEC5F7 /* Places */ = {
			isa = PBXGroup;
			children = (
				4876E8631D7C269600BEC5F7 /* AppDelegate.swift */,
				4876E86A1D7C269600BEC5F7 /* Assets.xcassets */,
				4876E86C1D7C269600BEC5F7 /* LaunchScreen.storyboard */,
				4876E86F1D7C269600BEC5F7 /* Info.plist */,
			);
			path = Places;
			sourceTree = "<group>";
		};
		4876E8771D7C269700BEC5F7 /* PlacesTests */ = {
			isa = PBXGroup;
			children = (
				4876E8781D7C269700BEC5F7 /* PlacesTests.swift */,
				4876E87A1D7C269700BEC5F7 /* Info.plist */,
			);
			path = PlacesTests;
			sourceTree = "<group>";
		};
		4876E8821D7C269700BEC5F7 /* PlacesUITests */ = {
			isa = PBXGroup;
			children = (
				4876E8831D7C269700BEC5F7 /* PlacesUITests.swift */,
				4876E8851D7C269700BEC5F7 /* Info.plist */,
			);
			path = PlacesUITests;
			sourceTree = "<group>";
		};
		4876E8911D7C2A7F00BEC5F7 /* Utilities */ = {
			isa = PBXGroup;
			children = (
				4876E89D1D7C314600BEC5F7 /* Constants.swift */,
			);
			name = Utilities;
			sourceTree = "<group>";
		};
		4876E8921D7C2A8900BEC5F7 /* Images */ = {
			isa = PBXGroup;
			children = (
				4876E8A31D7C41F300BEC5F7 /* call_icn.png */,
				4876E8A41D7C41F300BEC5F7 /* location_icn.png */,
				4876E8A51D7C41F300BEC5F7 /* web_icn.png */,
			);
			name = Images;
			sourceTree = "<group>";
		};
		4876E8931D7C2A9A00BEC5F7 /* View */ = {
			isa = PBXGroup;
			children = (
				4876E8A11D7C41D500BEC5F7 /* Main.storyboard */,
				4876E8971D7C2E6400BEC5F7 /* PlacesTableViewCell.swift */,
			);
			name = View;
			sourceTree = "<group>";
		};
		4876E8941D7C2A9E00BEC5F7 /* ViewController */ = {
			isa = PBXGroup;
			children = (
				4876E8651D7C269600BEC5F7 /* PlacesViewController.swift */,
			);
			name = ViewController;
			sourceTree = "<group>";
		};
		4876E8951D7C2AA400BEC5F7 /* DataModel */ = {
			isa = PBXGroup;
			children = (
				4876E8991D7C308000BEC5F7 /* placesDataObject.swift */,
			);
			name = DataModel;
			sourceTree = "<group>";
		};
		4876E8961D7C2AAB00BEC5F7 /* Helpers */ = {
			isa = PBXGroup;
			children = (
				4876E89B1D7C30F100BEC5F7 /* RestAPIManager.swift */,
			);
			name = Helpers;
			sourceTree = "<group>";
		};
		F52795FFD8A8F4930BFBD7E7 /* Frameworks */ = {
			isa = PBXGroup;
			children = (
				FFABE30D06FEDBFC9DA6C5A3 /* Pods_Places.framework */,
			);
			name = Frameworks;
			sourceTree = "<group>";
		};
/* End PBXGroup section */

/* Begin PBXNativeTarget section */
		4876E85F1D7C269600BEC5F7 /* Places */ = {
			isa = PBXNativeTarget;
			buildConfigurationList = 4876E8881D7C269700BEC5F7 /* Build configuration list for PBXNativeTarget "Places" */;
			buildPhases = (
				68ED05683B6EF0A2775C9847 /* Check Pods Manifest.lock */,
				4876E85C1D7C269600BEC5F7 /* Sources */,
				4876E85D1D7C269600BEC5F7 /* Frameworks */,
				4876E85E1D7C269600BEC5F7 /* Resources */,
				7130E3B12EB0E790403DC994 /* Embed Pods Frameworks */,
				7438DD1D26B372C7DA2110BF /* Copy Pods Resources */,
			);
			buildRules = (
			);
			dependencies = (
			);
			name = Places;
			productName = Places;
			productReference = 4876E8601D7C269600BEC5F7 /* Places.app */;
			productType = "com.apple.product-type.application";
		};
		4876E8731D7C269700BEC5F7 /* PlacesTests */ = {
			isa = PBXNativeTarget;
			buildConfigurationList = 4876E88B1D7C269700BEC5F7 /* Build configuration list for PBXNativeTarget "PlacesTests" */;
			buildPhases = (
				4876E8701D7C269700BEC5F7 /* Sources */,
				4876E8711D7C269700BEC5F7 /* Frameworks */,
				4876E8721D7C269700BEC5F7 /* Resources */,
			);
			buildRules = (
			);
			dependencies = (
				4876E8761D7C269700BEC5F7 /* PBXTargetDependency */,
			);
			name = PlacesTests;
			productName = PlacesTests;
			productReference = 4876E8741D7C269700BEC5F7 /* PlacesTests.xctest */;
			productType = "com.apple.product-type.bundle.unit-test";
		};
		4876E87E1D7C269700BEC5F7 /* PlacesUITests */ = {
			isa = PBXNativeTarget;
			buildConfigurationList = 4876E88E1D7C269700BEC5F7 /* Build configuration list for PBXNativeTarget "PlacesUITests" */;
			buildPhases = (
				4876E87B1D7C269700BEC5F7 /* Sources */,
				4876E87C1D7C269700BEC5F7 /* Frameworks */,
				4876E87D1D7C269700BEC5F7 /* Resources */,
			);
			buildRules = (
			);
			dependencies = (
				4876E8811D7C269700BEC5F7 /* PBXTargetDependency */,
			);
			name = PlacesUITests;
			productName = PlacesUITests;
			productReference = 4876E87F1D7C269700BEC5F7 /* PlacesUITests.xctest */;
			productType = "com.apple.product-type.bundle.ui-testing";
		};
/* End PBXNativeTarget section */

/* Begin PBXProject section */
		4876E8581D7C269600BEC5F7 /* Project object */ = {
			isa = PBXProject;
			attributes = {
				LastSwiftUpdateCheck = 0730;
				LastUpgradeCheck = 0730;
				ORGANIZATIONNAME = djrecker;
				TargetAttributes = {
					4876E85F1D7C269600BEC5F7 = {
						CreatedOnToolsVersion = 7.3;
						DevelopmentTeam = 2CP68WL3B3;
					};
					4876E8731D7C269700BEC5F7 = {
						CreatedOnToolsVersion = 7.3;
						DevelopmentTeam = 2CP68WL3B3;
						TestTargetID = 4876E85F1D7C269600BEC5F7;
					};
					4876E87E1D7C269700BEC5F7 = {
						CreatedOnToolsVersion = 7.3;
						DevelopmentTeam = 2CP68WL3B3;
						TestTargetID = 4876E85F1D7C269600BEC5F7;
					};
				};
			};
			buildConfigurationList = 4876E85B1D7C269600BEC5F7 /* Build configuration list for PBXProject "Places" */;
			compatibilityVersion = "Xcode 3.2";
			developmentRegion = English;
			hasScannedForEncodings = 0;
			knownRegions = (
				en,
				Base,
			);
			mainGroup = 4876E8571D7C269600BEC5F7;
			productRefGroup = 4876E8611D7C269600BEC5F7 /* Products */;
			projectDirPath = "";
			projectRoot = "";
			targets = (
				4876E85F1D7C269600BEC5F7 /* Places */,
				4876E8731D7C269700BEC5F7 /* PlacesTests */,
				4876E87E1D7C269700BEC5F7 /* PlacesUITests */,
			);
		};
/* End PBXProject section */

/* Begin PBXResourcesBuildPhase section */
		4876E85E1D7C269600BEC5F7 /* Resources */ = {
			isa = PBXResourcesBuildPhase;
			buildActionMask = 2147483647;
			files = (
				4876E8A61D7C41F300BEC5F7 /* call_icn.png in Resources */,
				4876E8A81D7C41F300BEC5F7 /* web_icn.png in Resources */,
				4876E8A21D7C41D500BEC5F7 /* Main.storyboard in Resources */,
				4876E8A71D7C41F300BEC5F7 /* location_icn.png in Resources */,
				4876E86E1D7C269600BEC5F7 /* LaunchScreen.storyboard in Resources */,
				4876E86B1D7C269600BEC5F7 /* Assets.xcassets in Resources */,
			);
			runOnlyForDeploymentPostprocessing = 0;
		};
		4876E8721D7C269700BEC5F7 /* Resources */ = {
			isa = PBXResourcesBuildPhase;
			buildActionMask = 2147483647;
			files = (
			);
			runOnlyForDeploymentPostprocessing = 0;
		};
		4876E87D1D7C269700BEC5F7 /* Resources */ = {
			isa = PBXResourcesBuildPhase;
			buildActionMask = 2147483647;
			files = (
			);
			runOnlyForDeploymentPostprocessing = 0;
		};
/* End PBXResourcesBuildPhase section */

/* Begin PBXShellScriptBuildPhase section */
		68ED05683B6EF0A2775C9847 /* Check Pods Manifest.lock */ = {
			isa = PBXShellScriptBuildPhase;
			buildActionMask = 2147483647;
			files = (
			);
			inputPaths = (
			);
			name = "Check Pods Manifest.lock";
			outputPaths = (
			);
			runOnlyForDeploymentPostprocessing = 0;
			shellPath = /bin/sh;
			shellScript = "diff \"${PODS_ROOT}/../Podfile.lock\" \"${PODS_ROOT}/Manifest.lock\" > /dev/null\nif [[ $? != 0 ]] ; then\n    cat << EOM\nerror: The sandbox is not in sync with the Podfile.lock. Run 'pod install' or update your CocoaPods installation.\nEOM\n    exit 1\nfi\n";
			showEnvVarsInLog = 0;
		};
		7130E3B12EB0E790403DC994 /* Embed Pods Frameworks */ = {
			isa = PBXShellScriptBuildPhase;
			buildActionMask = 2147483647;
			files = (
			);
			inputPaths = (
			);
			name = "Embed Pods Frameworks";
			outputPaths = (
			);
			runOnlyForDeploymentPostprocessing = 0;
			shellPath = /bin/sh;
			shellScript = "\"${SRCROOT}/Pods/Target Support Files/Pods-Places/Pods-Places-frameworks.sh\"\n";
			showEnvVarsInLog = 0;
		};
		7438DD1D26B372C7DA2110BF /* Copy Pods Resources */ = {
			isa = PBXShellScriptBuildPhase;
			buildActionMask = 2147483647;
			files = (
			);
			inputPaths = (
			);
			name = "Copy Pods Resources";
			outputPaths = (
			);
			runOnlyForDeploymentPostprocessing = 0;
			shellPath = /bin/sh;
			shellScript = "\"${SRCROOT}/Pods/Target Support Files/Pods-Places/Pods-Places-resources.sh\"\n";
			showEnvVarsInLog = 0;
		};
/* End PBXShellScriptBuildPhase section */

/* Begin PBXSourcesBuildPhase section */
		4876E85C1D7C269600BEC5F7 /* Sources */ = {
			isa = PBXSourcesBuildPhase;
			buildActionMask = 2147483647;
			files = (
				4876E89C1D7C30F100BEC5F7 /* RestAPIManager.swift in Sources */,
				4876E8661D7C269600BEC5F7 /* PlacesViewController.swift in Sources */,
				4876E8641D7C269600BEC5F7 /* AppDelegate.swift in Sources */,
				4876E89A1D7C308000BEC5F7 /* placesDataObject.swift in Sources */,
				4876E8981D7C2E6400BEC5F7 /* PlacesTableViewCell.swift in Sources */,
				4876E89E1D7C314600BEC5F7 /* Constants.swift in Sources */,
			);
			runOnlyForDeploymentPostprocessing = 0;
		};
		4876E8701D7C269700BEC5F7 /* Sources */ = {
			isa = PBXSourcesBuildPhase;
			buildActionMask = 2147483647;
			files = (
				4876E8791D7C269700BEC5F7 /* PlacesTests.swift in Sources */,
			);
			runOnlyForDeploymentPostprocessing = 0;
		};
		4876E87B1D7C269700BEC5F7 /* Sources */ = {
			isa = PBXSourcesBuildPhase;
			buildActionMask = 2147483647;
			files = (
				4876E8841D7C269700BEC5F7 /* PlacesUITests.swift in Sources */,
			);
			runOnlyForDeploymentPostprocessing = 0;
		};
/* End PBXSourcesBuildPhase section */

/* Begin PBXTargetDependency section */
		4876E8761D7C269700BEC5F7 /* PBXTargetDependency */ = {
			isa = PBXTargetDependency;
			target = 4876E85F1D7C269600BEC5F7 /* Places */;
			targetProxy = 4876E8751D7C269700BEC5F7 /* PBXContainerItemProxy */;
		};
		4876E8811D7C269700BEC5F7 /* PBXTargetDependency */ = {
			isa = PBXTargetDependency;
			target = 4876E85F1D7C269600BEC5F7 /* Places */;
			targetProxy = 4876E8801D7C269700BEC5F7 /* PBXContainerItemProxy */;
		};
/* End PBXTargetDependency section */

/* Begin PBXVariantGroup section */
		4876E8671D7C269600BEC5F7 /* Main.storyboard */ = {
			isa = PBXVariantGroup;
			children = (
				4876E8681D7C269600BEC5F7 /* Base */,
			);
			name = Main.storyboard;
			path = Places;
			sourceTree = "<group>";
		};
		4876E86C1D7C269600BEC5F7 /* LaunchScreen.storyboard */ = {
			isa = PBXVariantGroup;
			children = (
				4876E86D1D7C269600BEC5F7 /* Base */,
			);
			name = LaunchScreen.storyboard;
			sourceTree = "<group>";
		};
/* End PBXVariantGroup section */

/* Begin XCBuildConfiguration section */
		4876E8861D7C269700BEC5F7 /* Debug */ = {
			isa = XCBuildConfiguration;
			buildSettings = {
				ALWAYS_SEARCH_USER_PATHS = NO;
				CLANG_ANALYZER_NONNULL = YES;
				CLANG_CXX_LANGUAGE_STANDARD = "gnu++0x";
				CLANG_CXX_LIBRARY = "libc++";
				CLANG_ENABLE_MODULES = YES;
				CLANG_ENABLE_OBJC_ARC = YES;
				CLANG_WARN_BOOL_CONVERSION = YES;
				CLANG_WARN_CONSTANT_CONVERSION = YES;
				CLANG_WARN_DIRECT_OBJC_ISA_USAGE = YES_ERROR;
				CLANG_WARN_EMPTY_BODY = YES;
				CLANG_WARN_ENUM_CONVERSION = YES;
				CLANG_WARN_INT_CONVERSION = YES;
				CLANG_WARN_OBJC_ROOT_CLASS = YES_ERROR;
				CLANG_WARN_UNREACHABLE_CODE = YES;
				CLANG_WARN__DUPLICATE_METHOD_MATCH = YES;
				"CODE_SIGN_IDENTITY[sdk=iphoneos*]" = "iPhone Developer";
				COPY_PHASE_STRIP = NO;
				DEBUG_INFORMATION_FORMAT = dwarf;
				ENABLE_STRICT_OBJC_MSGSEND = YES;
				ENABLE_TESTABILITY = YES;
				GCC_C_LANGUAGE_STANDARD = gnu99;
				GCC_DYNAMIC_NO_PIC = NO;
				GCC_NO_COMMON_BLOCKS = YES;
				GCC_OPTIMIZATION_LEVEL = 0;
				GCC_PREPROCESSOR_DEFINITIONS = (
					"DEBUG=1",
					"$(inherited)",
				);
				GCC_WARN_64_TO_32_BIT_CONVERSION = YES;
				GCC_WARN_ABOUT_RETURN_TYPE = YES_ERROR;
				GCC_WARN_UNDECLARED_SELECTOR = YES;
				GCC_WARN_UNINITIALIZED_AUTOS = YES_AGGRESSIVE;
				GCC_WARN_UNUSED_FUNCTION = YES;
				GCC_WARN_UNUSED_VARIABLE = YES;
				IPHONEOS_DEPLOYMENT_TARGET = 9.3;
				MTL_ENABLE_DEBUG_INFO = YES;
				ONLY_ACTIVE_ARCH = YES;
				SDKROOT = iphoneos;
				SWIFT_OPTIMIZATION_LEVEL = "-Onone";
			};
			name = Debug;
		};
		4876E8871D7C269700BEC5F7 /* Release */ = {
			isa = XCBuildConfiguration;
			buildSettings = {
				ALWAYS_SEARCH_USER_PATHS = NO;
				CLANG_ANALYZER_NONNULL = YES;
				CLANG_CXX_LANGUAGE_STANDARD = "gnu++0x";
				CLANG_CXX_LIBRARY = "libc++";
				CLANG_ENABLE_MODULES = YES;
				CLANG_ENABLE_OBJC_ARC = YES;
				CLANG_WARN_BOOL_CONVERSION = YES;
				CLANG_WARN_CONSTANT_CONVERSION = YES;
				CLANG_WARN_DIRECT_OBJC_ISA_USAGE = YES_ERROR;
				CLANG_WARN_EMPTY_BODY = YES;
				CLANG_WARN_ENUM_CONVERSION = YES;
				CLANG_WARN_INT_CONVERSION = YES;
				CLANG_WARN_OBJC_ROOT_CLASS = YES_ERROR;
				CLANG_WARN_UNREACHABLE_CODE = YES;
				CLANG_WARN__DUPLICATE_METHOD_MATCH = YES;
				"CODE_SIGN_IDENTITY[sdk=iphoneos*]" = "iPhone Developer";
				COPY_PHASE_STRIP = NO;
				DEBUG_INFORMATION_FORMAT = "dwarf-with-dsym";
				ENABLE_NS_ASSERTIONS = NO;
				ENABLE_STRICT_OBJC_MSGSEND = YES;
				GCC_C_LANGUAGE_STANDARD = gnu99;
				GCC_NO_COMMON_BLOCKS = YES;
				GCC_WARN_64_TO_32_BIT_CONVERSION = YES;
				GCC_WARN_ABOUT_RETURN_TYPE = YES_ERROR;
				GCC_WARN_UNDECLARED_SELECTOR = YES;
				GCC_WARN_UNINITIALIZED_AUTOS = YES_AGGRESSIVE;
				GCC_WARN_UNUSED_FUNCTION = YES;
				GCC_WARN_UNUSED_VARIABLE = YES;
				IPHONEOS_DEPLOYMENT_TARGET = 9.3;
				MTL_ENABLE_DEBUG_INFO = NO;
				SDKROOT = iphoneos;
				VALIDATE_PRODUCT = YES;
			};
			name = Release;
		};
		4876E8891D7C269700BEC5F7 /* Debug */ = {
			isa = XCBuildConfiguration;
			baseConfigurationReference = FD2D5A7B3C6019F3D5B95409 /* Pods-Places.debug.xcconfig */;
			buildSettings = {
				ASSETCATALOG_COMPILER_APPICON_NAME = AppIcon;
				INFOPLIST_FILE = Places/Info.plist;
				LD_RUNPATH_SEARCH_PATHS = "$(inherited) @executable_path/Frameworks";
				PRODUCT_BUNDLE_IDENTIFIER = com.djrecker.places.Places;
				PRODUCT_NAME = "$(TARGET_NAME)";
			};
			name = Debug;
		};
		4876E88A1D7C269700BEC5F7 /* Release */ = {
			isa = XCBuildConfiguration;
			baseConfigurationReference = D2CA5AE24B1358719407BCB5 /* Pods-Places.release.xcconfig */;
			buildSettings = {
				ASSETCATALOG_COMPILER_APPICON_NAME = AppIcon;
				INFOPLIST_FILE = Places/Info.plist;
				LD_RUNPATH_SEARCH_PATHS = "$(inherited) @executable_path/Frameworks";
				PRODUCT_BUNDLE_IDENTIFIER = com.djrecker.places.Places;
				PRODUCT_NAME = "$(TARGET_NAME)";
			};
			name = Release;
		};
		4876E88C1D7C269700BEC5F7 /* Debug */ = {
			isa = XCBuildConfiguration;
			buildSettings = {
				BUNDLE_LOADER = "$(TEST_HOST)";
				INFOPLIST_FILE = PlacesTests/Info.plist;
				LD_RUNPATH_SEARCH_PATHS = "$(inherited) @executable_path/Frameworks @loader_path/Frameworks";
				PRODUCT_BUNDLE_IDENTIFIER = com.djrecker.places.PlacesTests;
				PRODUCT_NAME = "$(TARGET_NAME)";
				TEST_HOST = "$(BUILT_PRODUCTS_DIR)/Places.app/Places";
			};
			name = Debug;
		};
		4876E88D1D7C269700BEC5F7 /* Release */ = {
			isa = XCBuildConfiguration;
			buildSettings = {
				BUNDLE_LOADER = "$(TEST_HOST)";
				INFOPLIST_FILE = PlacesTests/Info.plist;
				LD_RUNPATH_SEARCH_PATHS = "$(inherited) @executable_path/Frameworks @loader_path/Frameworks";
				PRODUCT_BUNDLE_IDENTIFIER = com.djrecker.places.PlacesTests;
				PRODUCT_NAME = "$(TARGET_NAME)";
				TEST_HOST = "$(BUILT_PRODUCTS_DIR)/Places.app/Places";
			};
			name = Release;
		};
		4876E88F1D7C269700BEC5F7 /* Debug */ = {
			isa = XCBuildConfiguration;
			buildSettings = {
				INFOPLIST_FILE = PlacesUITests/Info.plist;
				LD_RUNPATH_SEARCH_PATHS = "$(inherited) @executable_path/Frameworks @loader_path/Frameworks";
				PRODUCT_BUNDLE_IDENTIFIER = com.djrecker.places.PlacesUITests;
				PRODUCT_NAME = "$(TARGET_NAME)";
				TEST_TARGET_NAME = Places;
			};
			name = Debug;
		};
		4876E8901D7C269700BEC5F7 /* Release */ = {
			isa = XCBuildConfiguration;
			buildSettings = {
				INFOPLIST_FILE = PlacesUITests/Info.plist;
				LD_RUNPATH_SEARCH_PATHS = "$(inherited) @executable_path/Frameworks @loader_path/Frameworks";
				PRODUCT_BUNDLE_IDENTIFIER = com.djrecker.places.PlacesUITests;
				PRODUCT_NAME = "$(TARGET_NAME)";
				TEST_TARGET_NAME = Places;
			};
			name = Release;
		};
/* End XCBuildConfiguration section */

/* Begin XCConfigurationList section */
		4876E85B1D7C269600BEC5F7 /* Build configuration list for PBXProject "Places" */ = {
			isa = XCConfigurationList;
			buildConfigurations = (
				4876E8861D7C269700BEC5F7 /* Debug */,
				4876E8871D7C269700BEC5F7 /* Release */,
			);
			defaultConfigurationIsVisible = 0;
			defaultConfigurationName = Release;
		};
		4876E8881D7C269700BEC5F7 /* Build configuration list for PBXNativeTarget "Places" */ = {
			isa = XCConfigurationList;
			buildConfigurations = (
				4876E8891D7C269700BEC5F7 /* Debug */,
				4876E88A1D7C269700BEC5F7 /* Release */,
			);
			defaultConfigurationIsVisible = 0;
			defaultConfigurationName = Release;
		};
		4876E88B1D7C269700BEC5F7 /* Build configuration list for PBXNativeTarget "PlacesTests" */ = {
			isa = XCConfigurationList;
			buildConfigurations = (
				4876E88C1D7C269700BEC5F7 /* Debug */,
				4876E88D1D7C269700BEC5F7 /* Release */,
			);
			defaultConfigurationIsVisible = 0;
			defaultConfigurationName = Release;
		};
		4876E88E1D7C269700BEC5F7 /* Build configuration list for PBXNativeTarget "PlacesUITests" */ = {
			isa = XCConfigurationList;
			buildConfigurations = (
				4876E88F1D7C269700BEC5F7 /* Debug */,
				4876E8901D7C269700BEC5F7 /* Release */,
			);
			defaultConfigurationIsVisible = 0;
			defaultConfigurationName = Release;
		};
/* End XCConfigurationList section */
	};
	rootObject = 4876E8581D7C269600BEC5F7 /* Project object */;
}
